
Microsoft Visual Studio Solution File, Format Version 12.00
# Visual Studio Version 17
VisualStudioVersion = 17.5.002.0
MinimumVisualStudioVersion = 10.0.40219.1
Project("{9A19103F-16F7-4668-BE54-9A1E7A4F7556}") = "CSE210-Hm", "CSE210-Hm.csproj", "{AB35977A-2AEF-4080-BA2D-9EE7ACD5ED72}"
EndProject
Project("{2150E333-8FDC-42A3-9474-1A3956D46DE8}") = "csharp-prep", "csharp-prep", "{249AF49F-3DF2-4B3C-B2B5-22D6F61CDE4D}"
EndProject
Project("{9A19103F-16F7-4668-BE54-9A1E7A4F7556}") = "Prep1", "csharp-prep\Prep1\Prep1.csproj", "{8B8C99AC-FA39-4508-9A79-D3E42921F648}"
EndProject
Project("{9A19103F-16F7-4668-BE54-9A1E7A4F7556}") = "Prep2", "csharp-prep\Prep2\Prep2.csproj", "{191D3E95-9409-4D20-B6DF-ACE6388E3584}"
EndProject
Project("{9A19103F-16F7-4668-BE54-9A1E7A4F7556}") = "Prep3", "csharp-prep\Prep3\Prep3.csproj", "{19B884B1-7C09-4875-B49C-FDB2D3BC2775}"
EndProject
Project("{9A19103F-16F7-4668-BE54-9A1E7A4F7556}") = "Prep4", "csharp-prep\Prep4\Prep4.csproj", "{D72BDD36-BB49-426A-803B-CC123DB080D5}"
EndProject
Project("{9A19103F-16F7-4668-BE54-9A1E7A4F7556}") = "Prep5", "csharp-prep\Prep5\Prep5.csproj", "{5E12FF5F-AFCA-4A39-8418-8E7C17AACA50}"
EndProject
Project("{2150E333-8FDC-42A3-9474-1A3956D46DE8}") = "final", "final", "{7AB29EA4-51BE-491F-9BBD-36223E83B1D6}"
EndProject
Project("{9A19103F-16F7-4668-BE54-9A1E7A4F7556}") = "FinalProject", "final\FinalProject\FinalProject.csproj", "{E504D8C4-447A-4469-9BFD-AD21BB553B04}"
EndProject
Project("{9A19103F-16F7-4668-BE54-9A1E7A4F7556}") = "Foundation1", "final\Foundation1\Foundation1.csproj", "{B2FBB0F8-177C-4E81-8312-3450980730B1}"
EndProject
Project("{9A19103F-16F7-4668-BE54-9A1E7A4F7556}") = "Foundation2", "final\Foundation2\Foundation2.csproj", "{858F3EDA-5BA4-41D6-95BD-F3089976182C}"
EndProject
Project("{9A19103F-16F7-4668-BE54-9A1E7A4F7556}") = "Foundation3", "final\Foundation3\Foundation3.csproj", "{4C82FFB2-D8E2-45B6-ACD4-65CFB2DFDA1C}"
EndProject
Project("{9A19103F-16F7-4668-BE54-9A1E7A4F7556}") = "Foundation4", "final\Foundation4\Foundation4.csproj", "{1889F356-6761-4366-8388-0EFB24661FE2}"
EndProject
Project("{2150E333-8FDC-42A3-9474-1A3956D46DE8}") = "prepare", "prepare", "{4224A168-C9F1-4DD6-9697-890D41E03480}"
EndProject
Project("{9A19103F-16F7-4668-BE54-9A1E7A4F7556}") = "Learning02", "prepare\Learning02\Learning02.csproj", "{C3ABC748-231E-4000-B63F-572F32A79EBC}"
EndProject
Project("{9A19103F-16F7-4668-BE54-9A1E7A4F7556}") = "Learning03", "prepare\Learning03\Learning03.csproj", "{946B578F-0941-46FF-AEC6-8F5BF84B85CF}"
EndProject
Project("{9A19103F-16F7-4668-BE54-9A1E7A4F7556}") = "Learning04", "prepare\Learning04\Learning04.csproj", "{5918D668-D450-460A-A1A9-A9AC4D161713}"
EndProject
Project("{9A19103F-16F7-4668-BE54-9A1E7A4F7556}") = "Learning05", "prepare\Learning05\Learning05.csproj", "{2833C434-3B7E-40D7-9D63-82AD94D875B7}"
EndProject
Project("{2150E333-8FDC-42A3-9474-1A3956D46DE8}") = "prove", "prove", "{D5E74473-6713-473E-AC65-55B2337CC091}"
EndProject
Project("{9A19103F-16F7-4668-BE54-9A1E7A4F7556}") = "Develop02", "prove\Develop02\Develop02.csproj", "{88A3E2BA-6F62-47C4-AD4F-99D7ACB84A34}"
EndProject
Project("{9A19103F-16F7-4668-BE54-9A1E7A4F7556}") = "Develop03", "prove\Develop03\Develop03.csproj", "{2678483C-DBDC-4AC6-B87B-C87A78B039D3}"
EndProject
Project("{9A19103F-16F7-4668-BE54-9A1E7A4F7556}") = "Develop04", "prove\Develop04\Develop04.csproj", "{4969017A-2BE4-471D-BC45-AAE6F1E2EC44}"
EndProject
Project("{9A19103F-16F7-4668-BE54-9A1E7A4F7556}") = "Develop05", "prove\Develop05\Develop05.csproj", "{D3D64321-5F7B-4FCE-B270-B15B75B4D293}"
EndProject
Project("{2150E333-8FDC-42A3-9474-1A3956D46DE8}") = "sandbox", "sandbox", "{10BB50E5-22FA-450B-B8AA-DF615B207E0F}"
EndProject
Project("{9A19103F-16F7-4668-BE54-9A1E7A4F7556}") = "Sandbox", "sandbox\Sandbox\Sandbox.csproj", "{99A4C39F-06EC-4E0B-8331-B76C75A92291}"
EndProject
Global
	GlobalSection(SolutionConfigurationPlatforms) = preSolution
		Debug|Any CPU = Debug|Any CPU
		Release|Any CPU = Release|Any CPU
	EndGlobalSection
	GlobalSection(ProjectConfigurationPlatforms) = postSolution
		{AB35977A-2AEF-4080-BA2D-9EE7ACD5ED72}.Debug|Any CPU.ActiveCfg = Debug|Any CPU
		{AB35977A-2AEF-4080-BA2D-9EE7ACD5ED72}.Debug|Any CPU.Build.0 = Debug|Any CPU
		{AB35977A-2AEF-4080-BA2D-9EE7ACD5ED72}.Release|Any CPU.ActiveCfg = Release|Any CPU
		{AB35977A-2AEF-4080-BA2D-9EE7ACD5ED72}.Release|Any CPU.Build.0 = Release|Any CPU
		{8B8C99AC-FA39-4508-9A79-D3E42921F648}.Debug|Any CPU.ActiveCfg = Debug|Any CPU
		{8B8C99AC-FA39-4508-9A79-D3E42921F648}.Debug|Any CPU.Build.0 = Debug|Any CPU
		{8B8C99AC-FA39-4508-9A79-D3E42921F648}.Release|Any CPU.ActiveCfg = Release|Any CPU
		{8B8C99AC-FA39-4508-9A79-D3E42921F648}.Release|Any CPU.Build.0 = Release|Any CPU
		{191D3E95-9409-4D20-B6DF-ACE6388E3584}.Debug|Any CPU.ActiveCfg = Debug|Any CPU
		{191D3E95-9409-4D20-B6DF-ACE6388E3584}.Debug|Any CPU.Build.0 = Debug|Any CPU
		{191D3E95-9409-4D20-B6DF-ACE6388E3584}.Release|Any CPU.ActiveCfg = Release|Any CPU
		{191D3E95-9409-4D20-B6DF-ACE6388E3584}.Release|Any CPU.Build.0 = Release|Any CPU
		{19B884B1-7C09-4875-B49C-FDB2D3BC2775}.Debug|Any CPU.ActiveCfg = Debug|Any CPU
		{19B884B1-7C09-4875-B49C-FDB2D3BC2775}.Debug|Any CPU.Build.0 = Debug|Any CPU
		{19B884B1-7C09-4875-B49C-FDB2D3BC2775}.Release|Any CPU.ActiveCfg = Release|Any CPU
		{19B884B1-7C09-4875-B49C-FDB2D3BC2775}.Release|Any CPU.Build.0 = Release|Any CPU
		{D72BDD36-BB49-426A-803B-CC123DB080D5}.Debug|Any CPU.ActiveCfg = Debug|Any CPU
		{D72BDD36-BB49-426A-803B-CC123DB080D5}.Debug|Any CPU.Build.0 = Debug|Any CPU
		{D72BDD36-BB49-426A-803B-CC123DB080D5}.Release|Any CPU.ActiveCfg = Release|Any CPU
		{D72BDD36-BB49-426A-803B-CC123DB080D5}.Release|Any CPU.Build.0 = Release|Any CPU
		{5E12FF5F-AFCA-4A39-8418-8E7C17AACA50}.Debug|Any CPU.ActiveCfg = Debug|Any CPU
		{5E12FF5F-AFCA-4A39-8418-8E7C17AACA50}.Debug|Any CPU.Build.0 = Debug|Any CPU
		{5E12FF5F-AFCA-4A39-8418-8E7C17AACA50}.Release|Any CPU.ActiveCfg = Release|Any CPU
		{5E12FF5F-AFCA-4A39-8418-8E7C17AACA50}.Release|Any CPU.Build.0 = Release|Any CPU
		{E504D8C4-447A-4469-9BFD-AD21BB553B04}.Debug|Any CPU.ActiveCfg = Debug|Any CPU
		{E504D8C4-447A-4469-9BFD-AD21BB553B04}.Debug|Any CPU.Build.0 = Debug|Any CPU
		{E504D8C4-447A-4469-9BFD-AD21BB553B04}.Release|Any CPU.ActiveCfg = Release|Any CPU
		{E504D8C4-447A-4469-9BFD-AD21BB553B04}.Release|Any CPU.Build.0 = Release|Any CPU
		{B2FBB0F8-177C-4E81-8312-3450980730B1}.Debug|Any CPU.ActiveCfg = Debug|Any CPU
		{B2FBB0F8-177C-4E81-8312-3450980730B1}.Debug|Any CPU.Build.0 = Debug|Any CPU
		{B2FBB0F8-177C-4E81-8312-3450980730B1}.Release|Any CPU.ActiveCfg = Release|Any CPU
		{B2FBB0F8-177C-4E81-8312-3450980730B1}.Release|Any CPU.Build.0 = Release|Any CPU
		{858F3EDA-5BA4-41D6-95BD-F3089976182C}.Debug|Any CPU.ActiveCfg = Debug|Any CPU
		{858F3EDA-5BA4-41D6-95BD-F3089976182C}.Debug|Any CPU.Build.0 = Debug|Any CPU
		{858F3EDA-5BA4-41D6-95BD-F3089976182C}.Release|Any CPU.ActiveCfg = Release|Any CPU
		{858F3EDA-5BA4-41D6-95BD-F3089976182C}.Release|Any CPU.Build.0 = Release|Any CPU
		{4C82FFB2-D8E2-45B6-ACD4-65CFB2DFDA1C}.Debug|Any CPU.ActiveCfg = Debug|Any CPU
		{4C82FFB2-D8E2-45B6-ACD4-65CFB2DFDA1C}.Debug|Any CPU.Build.0 = Debug|Any CPU
		{4C82FFB2-D8E2-45B6-ACD4-65CFB2DFDA1C}.Release|Any CPU.ActiveCfg = Release|Any CPU
		{4C82FFB2-D8E2-45B6-ACD4-65CFB2DFDA1C}.Release|Any CPU.Build.0 = Release|Any CPU
		{1889F356-6761-4366-8388-0EFB24661FE2}.Debug|Any CPU.ActiveCfg = Debug|Any CPU
		{1889F356-6761-4366-8388-0EFB24661FE2}.Debug|Any CPU.Build.0 = Debug|Any CPU
		{1889F356-6761-4366-8388-0EFB24661FE2}.Release|Any CPU.ActiveCfg = Release|Any CPU
		{1889F356-6761-4366-8388-0EFB24661FE2}.Release|Any CPU.Build.0 = Release|Any CPU
		{C3ABC748-231E-4000-B63F-572F32A79EBC}.Debug|Any CPU.ActiveCfg = Debug|Any CPU
		{C3ABC748-231E-4000-B63F-572F32A79EBC}.Debug|Any CPU.Build.0 = Debug|Any CPU
		{C3ABC748-231E-4000-B63F-572F32A79EBC}.Release|Any CPU.ActiveCfg = Release|Any CPU
		{C3ABC748-231E-4000-B63F-572F32A79EBC}.Release|Any CPU.Build.0 = Release|Any CPU
		{946B578F-0941-46FF-AEC6-8F5BF84B85CF}.Debug|Any CPU.ActiveCfg = Debug|Any CPU
		{946B578F-0941-46FF-AEC6-8F5BF84B85CF}.Debug|Any CPU.Build.0 = Debug|Any CPU
		{946B578F-0941-46FF-AEC6-8F5BF84B85CF}.Release|Any CPU.ActiveCfg = Release|Any CPU
		{946B578F-0941-46FF-AEC6-8F5BF84B85CF}.Release|Any CPU.Build.0 = Release|Any CPU
		{5918D668-D450-460A-A1A9-A9AC4D161713}.Debug|Any CPU.ActiveCfg = Debug|Any CPU
		{5918D668-D450-460A-A1A9-A9AC4D161713}.Debug|Any CPU.Build.0 = Debug|Any CPU
		{5918D668-D450-460A-A1A9-A9AC4D161713}.Release|Any CPU.ActiveCfg = Release|Any CPU
		{5918D668-D450-460A-A1A9-A9AC4D161713}.Release|Any CPU.Build.0 = Release|Any CPU
		{2833C434-3B7E-40D7-9D63-82AD94D875B7}.Debug|Any CPU.ActiveCfg = Debug|Any CPU
		{2833C434-3B7E-40D7-9D63-82AD94D875B7}.Debug|Any CPU.Build.0 = Debug|Any CPU
		{2833C434-3B7E-40D7-9D63-82AD94D875B7}.Release|Any CPU.ActiveCfg = Release|Any CPU
		{2833C434-3B7E-40D7-9D63-82AD94D875B7}.Release|Any CPU.Build.0 = Release|Any CPU
		{88A3E2BA-6F62-47C4-AD4F-99D7ACB84A34}.Debug|Any CPU.ActiveCfg = Debug|Any CPU
		{88A3E2BA-6F62-47C4-AD4F-99D7ACB84A34}.Debug|Any CPU.Build.0 = Debug|Any CPU
		{88A3E2BA-6F62-47C4-AD4F-99D7ACB84A34}.Release|Any CPU.ActiveCfg = Release|Any CPU
		{88A3E2BA-6F62-47C4-AD4F-99D7ACB84A34}.Release|Any CPU.Build.0 = Release|Any CPU
		{2678483C-DBDC-4AC6-B87B-C87A78B039D3}.Debug|Any CPU.ActiveCfg = Debug|Any CPU
		{2678483C-DBDC-4AC6-B87B-C87A78B039D3}.Debug|Any CPU.Build.0 = Debug|Any CPU
		{2678483C-DBDC-4AC6-B87B-C87A78B039D3}.Release|Any CPU.ActiveCfg = Release|Any CPU
		{2678483C-DBDC-4AC6-B87B-C87A78B039D3}.Release|Any CPU.Build.0 = Release|Any CPU
		{4969017A-2BE4-471D-BC45-AAE6F1E2EC44}.Debug|Any CPU.ActiveCfg = Debug|Any CPU
		{4969017A-2BE4-471D-BC45-AAE6F1E2EC44}.Debug|Any CPU.Build.0 = Debug|Any CPU
		{4969017A-2BE4-471D-BC45-AAE6F1E2EC44}.Release|Any CPU.ActiveCfg = Release|Any CPU
		{4969017A-2BE4-471D-BC45-AAE6F1E2EC44}.Release|Any CPU.Build.0 = Release|Any CPU
		{D3D64321-5F7B-4FCE-B270-B15B75B4D293}.Debug|Any CPU.ActiveCfg = Debug|Any CPU
		{D3D64321-5F7B-4FCE-B270-B15B75B4D293}.Debug|Any CPU.Build.0 = Debug|Any CPU
		{D3D64321-5F7B-4FCE-B270-B15B75B4D293}.Release|Any CPU.ActiveCfg = Release|Any CPU
		{D3D64321-5F7B-4FCE-B270-B15B75B4D293}.Release|Any CPU.Build.0 = Release|Any CPU
		{99A4C39F-06EC-4E0B-8331-B76C75A92291}.Debug|Any CPU.ActiveCfg = Debug|Any CPU
		{99A4C39F-06EC-4E0B-8331-B76C75A92291}.Debug|Any CPU.Build.0 = Debug|Any CPU
		{99A4C39F-06EC-4E0B-8331-B76C75A92291}.Release|Any CPU.ActiveCfg = Release|Any CPU
		{99A4C39F-06EC-4E0B-8331-B76C75A92291}.Release|Any CPU.Build.0 = Release|Any CPU
	EndGlobalSection
	GlobalSection(SolutionProperties) = preSolution
		HideSolutionNode = FALSE
	EndGlobalSection
	GlobalSection(NestedProjects) = preSolution
		{8B8C99AC-FA39-4508-9A79-D3E42921F648} = {249AF49F-3DF2-4B3C-B2B5-22D6F61CDE4D}
		{191D3E95-9409-4D20-B6DF-ACE6388E3584} = {249AF49F-3DF2-4B3C-B2B5-22D6F61CDE4D}
		{19B884B1-7C09-4875-B49C-FDB2D3BC2775} = {249AF49F-3DF2-4B3C-B2B5-22D6F61CDE4D}
		{D72BDD36-BB49-426A-803B-CC123DB080D5} = {249AF49F-3DF2-4B3C-B2B5-22D6F61CDE4D}
		{5E12FF5F-AFCA-4A39-8418-8E7C17AACA50} = {249AF49F-3DF2-4B3C-B2B5-22D6F61CDE4D}
		{E504D8C4-447A-4469-9BFD-AD21BB553B04} = {7AB29EA4-51BE-491F-9BBD-36223E83B1D6}
		{B2FBB0F8-177C-4E81-8312-3450980730B1} = {7AB29EA4-51BE-491F-9BBD-36223E83B1D6}
		{858F3EDA-5BA4-41D6-95BD-F3089976182C} = {7AB29EA4-51BE-491F-9BBD-36223E83B1D6}
		{4C82FFB2-D8E2-45B6-ACD4-65CFB2DFDA1C} = {7AB29EA4-51BE-491F-9BBD-36223E83B1D6}
		{1889F356-6761-4366-8388-0EFB24661FE2} = {7AB29EA4-51BE-491F-9BBD-36223E83B1D6}
		{C3ABC748-231E-4000-B63F-572F32A79EBC} = {4224A168-C9F1-4DD6-9697-890D41E03480}
		{946B578F-0941-46FF-AEC6-8F5BF84B85CF} = {4224A168-C9F1-4DD6-9697-890D41E03480}
		{5918D668-D450-460A-A1A9-A9AC4D161713} = {4224A168-C9F1-4DD6-9697-890D41E03480}
		{2833C434-3B7E-40D7-9D63-82AD94D875B7} = {4224A168-C9F1-4DD6-9697-890D41E03480}
		{88A3E2BA-6F62-47C4-AD4F-99D7ACB84A34} = {D5E74473-6713-473E-AC65-55B2337CC091}
		{2678483C-DBDC-4AC6-B87B-C87A78B039D3} = {D5E74473-6713-473E-AC65-55B2337CC091}
		{4969017A-2BE4-471D-BC45-AAE6F1E2EC44} = {D5E74473-6713-473E-AC65-55B2337CC091}
		{D3D64321-5F7B-4FCE-B270-B15B75B4D293} = {D5E74473-6713-473E-AC65-55B2337CC091}
		{99A4C39F-06EC-4E0B-8331-B76C75A92291} = {10BB50E5-22FA-450B-B8AA-DF615B207E0F}
	EndGlobalSection
	GlobalSection(ExtensibilityGlobals) = postSolution
		SolutionGuid = {85E67606-FE26-4031-A0BA-8E0F0206C472}
	EndGlobalSection
EndGlobal
